
Microsoft Visual Studio Solution File, Format Version 12.00
# Visual Studio Version 16
VisualStudioVersion = 16.0.30907.101
MinimumVisualStudioVersion = 10.0.40219.1
Project("{FAE04EC0-301F-11D3-BF4B-00C04F79EFBC}") = "AndrewHomework5", "AndrewHomework5\AndrewHomework5.csproj", "{711B9F73-F114-411E-8445-39D6D0CA6F01}"
EndProject
Global
	GlobalSection(SolutionConfigurationPlatforms) = preSolution
		Debug|Any CPU = Debug|Any CPU
		Release|Any CPU = Release|Any CPU
	EndGlobalSection
	GlobalSection(ProjectConfigurationPlatforms) = postSolution
		{711B9F73-F114-411E-8445-39D6D0CA6F01}.Debug|Any CPU.ActiveCfg = Debug|Any CPU
		{711B9F73-F114-411E-8445-39D6D0CA6F01}.Debug|Any CPU.Build.0 = Debug|Any CPU
		{711B9F73-F114-411E-8445-39D6D0CA6F01}.Release|Any CPU.ActiveCfg = Release|Any CPU
		{711B9F73-F114-411E-8445-39D6D0CA6F01}.Release|Any CPU.Build.0 = Release|Any CPU
	EndGlobalSection
	GlobalSection(SolutionProperties) = preSolution
		HideSolutionNode = FALSE
	EndGlobalSection
	GlobalSection(ExtensibilityGlobals) = postSolution
		SolutionGuid = {C29CBEB3-5A30-46A9-9A81-973F0EFAC79E}
	EndGlobalSection
EndGlobal
